
Microsoft Visual Studio Solution File, Format Version 12.00
# Visual Studio 15
VisualStudioVersion = 15.0.28010.2050
MinimumVisualStudioVersion = 10.0.40219.1
Project("{FAE04EC0-301F-11D3-BF4B-00C04F79EFBC}") = "CustomerCRUD", "CustomerCRUD\CustomerCRUD.csproj", "{809F1B21-5786-499B-9006-884B7EB5E74B}"
EndProject
Global
	GlobalSection(SolutionConfigurationPlatforms) = preSolution
		Debug|Any CPU = Debug|Any CPU
		Release|Any CPU = Release|Any CPU
	EndGlobalSection
	GlobalSection(ProjectConfigurationPlatforms) = postSolution
		{809F1B21-5786-499B-9006-884B7EB5E74B}.Debug|Any CPU.ActiveCfg = Debug|Any CPU
		{809F1B21-5786-499B-9006-884B7EB5E74B}.Debug|Any CPU.Build.0 = Debug|Any CPU
		{809F1B21-5786-499B-9006-884B7EB5E74B}.Release|Any CPU.ActiveCfg = Release|Any CPU
		{809F1B21-5786-499B-9006-884B7EB5E74B}.Release|Any CPU.Build.0 = Release|Any CPU
	EndGlobalSection
	GlobalSection(SolutionProperties) = preSolution
		HideSolutionNode = FALSE
	EndGlobalSection
	GlobalSection(ExtensibilityGlobals) = postSolution
		SolutionGuid = {79693AEF-9A8D-46EA-A40C-6386F7B32ED3}
	EndGlobalSection
EndGlobal
